
Microsoft Visual Studio Solution File, Format Version 12.00
# Visual Studio Version 16
VisualStudioVersion = 16.0.810.22
MinimumVisualStudioVersion = 10.0.40219.1
Project("{FAE04EC0-301F-11D3-BF4B-00C04F79EFBC}") = "Atest", "Atest\Atest.csproj", "{49CE7CAC-9F2D-47AB-8571-AA73C1C82D4D}"
EndProject
Global
	GlobalSection(SolutionConfigurationPlatforms) = preSolution
		Debug|Any CPU = Debug|Any CPU
		Release|Any CPU = Release|Any CPU
	EndGlobalSection
	GlobalSection(ProjectConfigurationPlatforms) = postSolution
		{49CE7CAC-9F2D-47AB-8571-AA73C1C82D4D}.Debug|Any CPU.ActiveCfg = Debug|Any CPU
		{49CE7CAC-9F2D-47AB-8571-AA73C1C82D4D}.Debug|Any CPU.Build.0 = Debug|Any CPU
		{49CE7CAC-9F2D-47AB-8571-AA73C1C82D4D}.Release|Any CPU.ActiveCfg = Release|Any CPU
		{49CE7CAC-9F2D-47AB-8571-AA73C1C82D4D}.Release|Any CPU.Build.0 = Release|Any CPU
	EndGlobalSection
	GlobalSection(SolutionProperties) = preSolution
		HideSolutionNode = FALSE
	EndGlobalSection
	GlobalSection(ExtensibilityGlobals) = postSolution
		SolutionGuid = {B65F335E-1B93-47B2-B850-0503A36B0D03}
	EndGlobalSection
EndGlobal
